# THIS IS AN AUTOGENERATED FILE. DO NOT EDIT THIS FILE DIRECTLY.
# yarn lockfile v1


animate.css@3.7.2:
  version "3.7.2"
  resolved "https://registry.yarnpkg.com/animate.css/-/animate.css-3.7.2.tgz#e73e0d50e92cb1cfef1597d9b38a9481020e08ea"
  integrity sha512-0bE8zYo7C0KvgOYrSVfrzkbYk6IOTVPNqkiHg2cbyF4Pq/PXzilz4BRWA3hwEUBoMp5VBgrC29lQIZyhRWdBTw==

animate.css@~3.5.0:
  version "3.5.2"
  resolved "https://registry.yarnpkg.com/animate.css/-/animate.css-3.5.2.tgz#91e668dc069a808e5e499514867b97aae0166c36"
  integrity sha512-jWsC5Jj8exIW3u6iInSRwebtH+97lAxVSxjHaMZ8OcOb/FKrCisYnOAXHbdVMnRPAyCyomU5CcWJ/A57Bufy7A==

blueimp-md5@^2.19.0:
  version "2.19.0"
  resolved "https://registry.yarnpkg.com/blueimp-md5/-/blueimp-md5-2.19.0.tgz#b53feea5498dcb53dc6ec4b823adb84b729c4af0"
  integrity sha512-DRQrD6gJyy8FbiE4s+bDoXS9hiW3Vbx5uCdwvcCf3zLHL+Iv7LtGHLpr+GZV8rHG8tK766FGYBwRbu8pELTt+w==

bootstrap@4.6.2:
  version "4.6.2"
  resolved "https://registry.yarnpkg.com/bootstrap/-/bootstrap-4.6.2.tgz#8e0cd61611728a5bf65a3a2b8d6ff6c77d5d7479"
  integrity sha512-51Bbp/Uxr9aTuy6ca/8FbFloBUJZLHwnhTcnjIeRn2suQWsWzcuJhGjKDB5eppVte/8oCdOL3VuwxvZDUggwGQ==

"countdown@https://github.com/mckamey/countdownjs":
  version "2.6.1"
  resolved "https://github.com/mckamey/countdownjs#1902fb23d21d84958b302c117fe472634a5bcf52"

drift-zoom@^1.5.1:
  version "1.5.1"
  resolved "https://registry.yarnpkg.com/drift-zoom/-/drift-zoom-1.5.1.tgz#1f815c34590f4c8adda31a437d681c5b62f5d70d"
  integrity sha512-GNLWl0ydTkgyFxfPouKvAZXvJhTt2dqUGkXCqENe+Y1OlQuQ+nUNKgvSpNvjp3nrbcij75GbJR/iMf/qdZbgPw==

flatpickr@^4.6.13:
  version "4.6.13"
  resolved "https://registry.yarnpkg.com/flatpickr/-/flatpickr-4.6.13.tgz#8a029548187fd6e0d670908471e43abe9ad18d94"
  integrity sha512-97PMG/aywoYpB4IvbvUJi0RQi8vearvU0oov1WW3k0WZPBMrTQVqekSX5CjSG/M4Q3i6A/0FKXC7RyAoAUUSPw==

glightbox@^3.2.0:
  version "3.2.0"
  resolved "https://registry.yarnpkg.com/glightbox/-/glightbox-3.2.0.tgz#d460e6ffc70ba2dcc2842e0b31d51a2e03266ba2"
  integrity sha512-iit1xYixqL4YVL+I2YJLfMeyJwvLi6FE6kY3qNKeZHEJgRIz80QU8Rm7YCyw1wOTgXvmNDnXGVhHOHRCwnDltQ==

jquery-nice-select@^1.1.0:
  version "1.1.0"
  resolved "https://registry.yarnpkg.com/jquery-nice-select/-/jquery-nice-select-1.1.0.tgz#9cd590fead56afe6bccd41294293fba356189c7d"
  integrity sha512-4H+MMamBCyoXVC58aBgotnFpvZUSz6m78F3W/+df8iNSpK+rb8Q3nGL/1rxuU3XXUS4ThiQLZMIYiGupaa+u7w==
  dependencies:
    jquery "^2.2.3"

jquery@>=1.7.2:
  version "3.7.1"
  resolved "https://registry.yarnpkg.com/jquery/-/jquery-3.7.1.tgz#083ef98927c9a6a74d05a6af02806566d16274de"
  integrity sha512-m4avr8yL8kmFN8psrbFFFmB/If14iN5o9nw/NgnnM+kybDJpRsAynV2BsfpTYrTRysYUdADVD7CkUUizgkpLfg==

jquery@^2.2.3:
  version "2.2.4"
  resolved "https://registry.yarnpkg.com/jquery/-/jquery-2.2.4.tgz#2c89d6889b5eac522a7eea32c14521559c6cbf02"
  integrity sha512-lBHj60ezci2u1v2FqnZIraShGgEXq35qCzMv4lITyHGppTnA13rwR0MgwyNJh9TnDs3aXUvd1xjAotfraMHX/Q==

line-awesome@^1.3.0:
  version "1.3.0"
  resolved "https://registry.yarnpkg.com/line-awesome/-/line-awesome-1.3.0.tgz#51d59fe311ed040d22d8e80d3aa0b9a4b57e6cd3"
  integrity sha512-Y0YHksL37ixDsHz+ihCwOtF5jwJgCDxQ3q+zOVgaSW8VugHGTsZZXMacPYZB1/JULBi6BAuTCTek+4ZY/UIwcw==

lodash@^4.17.21:
  version "4.17.21"
  resolved "https://registry.yarnpkg.com/lodash/-/lodash-4.17.21.tgz#679591c564c3bffaae8454cf0b3df370c3d6911c"
  integrity sha512-v2kDEe57lecTulaDIuNTPy3Ry4gLGJ6Z1O3vE1krgXZNrsQ+LFTGHVxVjcXPs17LhbZVGedAJv8XZ1tvj5FvSg==

nouislider@^15.7.1:
  version "15.7.1"
  resolved "https://registry.yarnpkg.com/nouislider/-/nouislider-15.7.1.tgz#77d55e47d9b4cd771728515713df43b489db9705"
  integrity sha512-5N7C1ru/i8y3dg9+Z6ilj6+m1EfabvOoaRa7ztpxBSKKRZso4vA52DGSbBJjw5XLtFr/LZ9SgGAXqyVtlVHO5w==

popper.js@^1.16.1:
  version "1.16.1"
  resolved "https://registry.yarnpkg.com/popper.js/-/popper.js-1.16.1.tgz#2a223cb3dc7b6213d740e40372be40de43e65b1b"
  integrity sha512-Wb4p1J4zyFTbM+u6WuO4XstYx4Ky9Cewe4DWrel7B0w6VVICvPwdOpotjzcf6eD8TsckVnIMNONQyPIUFOUbCQ==

slick-animation@^0.3.3:
  version "0.3.3"
  resolved "https://registry.yarnpkg.com/slick-animation/-/slick-animation-0.3.3.tgz#e56d961a18ae2fedeeb62ae21cc317b13cbeebfb"
  integrity sha512-EdnxYiIUpWMATzAL2vF8ZvEBT/nhLJlNyZnOfHxcT05C5r4qEMx1vrXYFLWsmCTu5PfV4psDcOZdgBmlp0XOzQ==
  dependencies:
    animate.css "~3.5.0"
    slick-carousel "~1.5.9"

slick-carousel@^1.8.1:
  version "1.8.1"
  resolved "https://registry.yarnpkg.com/slick-carousel/-/slick-carousel-1.8.1.tgz#a4bfb29014887bb66ce528b90bd0cda262cc8f8d"
  integrity sha512-XB9Ftrf2EEKfzoQXt3Nitrt/IPbT+f1fgqBdoxO3W/+JYvtEOW6EgxnWfr9GH6nmULv7Y2tPmEX3koxThVmebA==

slick-carousel@~1.5.9:
  version "1.5.9"
  resolved "https://registry.yarnpkg.com/slick-carousel/-/slick-carousel-1.5.9.tgz#2bdcae38e7a58e72430e97055bfacc167f3364d3"
  integrity sha512-qhvQPPxTjJk+2QUGVlk4kTQypb9M3wUw2UxWpedecZbby+fAP//yRMzsbx0D9oDWoH3HC+wPKTyFNauoCNdQ1w==
  dependencies:
    jquery ">=1.7.2"

v-click-outside@^3.2.0:
  version "3.2.0"
  resolved "https://registry.yarnpkg.com/v-click-outside/-/v-click-outside-3.2.0.tgz#850ac3f52d66d84b9f7e8002a1bcadcafec5534e"
  integrity sha512-QD0bDy38SHJXQBjgnllmkI/rbdiwmq9RC+/+pvrFjYJKTn8dtp7Penf9q1lLBta280fYG2q53mgLhQ+3l3z74w==

vue-toast-notification@0.6.3:
  version "0.6.3"
  resolved "https://registry.yarnpkg.com/vue-toast-notification/-/vue-toast-notification-0.6.3.tgz#79dbb52f56a41d700d5ed98fbffe95b8c8da6f24"
  integrity sha512-w4daYmEWsUsqDfON1snfhMUxxm+Blf9OISnoOeKrN3f7HqKvH4pQYwIcPOvIr9cX2EOsRReMWfv8Kha03n9nqw==
